
Microsoft Visual Studio Solution File, Format Version 12.00
# Visual Studio 2017
Project("{FAE04EC0-301F-11D3-BF4B-00C04F79EFBC}") = "New Unity Project 23", "New Unity Project 23.csproj", "{6FE275BA-1958-E6BD-3225-9BFFA25480BA}"
EndProject
Project("{FAE04EC0-301F-11D3-BF4B-00C04F79EFBC}") = "New Unity Project 23.Plugins", "New Unity Project 23.Plugins.csproj", "{491424A2-3481-AC36-5FE3-DC9E8D864DF2}"
EndProject
Project("{FAE04EC0-301F-11D3-BF4B-00C04F79EFBC}") = "New Unity Project 23.Editor", "New Unity Project 23.Editor.csproj", "{15ED8527-5450-2C85-0A8D-B858F923A96B}"
EndProject
Project("{FAE04EC0-301F-11D3-BF4B-00C04F79EFBC}") = "New Unity Project 23.Editor.Plugins", "New Unity Project 23.Editor.Plugins.csproj", "{6A08DB8A-8D00-7FB6-E8AA-86B37156586E}"
EndProject
Global
	GlobalSection(SolutionConfigurationPlatforms) = preSolution
		Debug|Any CPU = Debug|Any CPU
		Release|Any CPU = Release|Any CPU
	EndGlobalSection
	GlobalSection(ProjectConfigurationPlatforms) = postSolution
		{6FE275BA-1958-E6BD-3225-9BFFA25480BA}.Debug|Any CPU.ActiveCfg = Debug|Any CPU
		{6FE275BA-1958-E6BD-3225-9BFFA25480BA}.Debug|Any CPU.Build.0 = Debug|Any CPU
		{6FE275BA-1958-E6BD-3225-9BFFA25480BA}.Release|Any CPU.ActiveCfg = Release|Any CPU
		{6FE275BA-1958-E6BD-3225-9BFFA25480BA}.Release|Any CPU.Build.0 = Release|Any CPU
		{491424A2-3481-AC36-5FE3-DC9E8D864DF2}.Debug|Any CPU.ActiveCfg = Debug|Any CPU
		{491424A2-3481-AC36-5FE3-DC9E8D864DF2}.Debug|Any CPU.Build.0 = Debug|Any CPU
		{491424A2-3481-AC36-5FE3-DC9E8D864DF2}.Release|Any CPU.ActiveCfg = Release|Any CPU
		{491424A2-3481-AC36-5FE3-DC9E8D864DF2}.Release|Any CPU.Build.0 = Release|Any CPU
		{15ED8527-5450-2C85-0A8D-B858F923A96B}.Debug|Any CPU.ActiveCfg = Debug|Any CPU
		{15ED8527-5450-2C85-0A8D-B858F923A96B}.Debug|Any CPU.Build.0 = Debug|Any CPU
		{15ED8527-5450-2C85-0A8D-B858F923A96B}.Release|Any CPU.ActiveCfg = Release|Any CPU
		{15ED8527-5450-2C85-0A8D-B858F923A96B}.Release|Any CPU.Build.0 = Release|Any CPU
		{6A08DB8A-8D00-7FB6-E8AA-86B37156586E}.Debug|Any CPU.ActiveCfg = Debug|Any CPU
		{6A08DB8A-8D00-7FB6-E8AA-86B37156586E}.Debug|Any CPU.Build.0 = Debug|Any CPU
		{6A08DB8A-8D00-7FB6-E8AA-86B37156586E}.Release|Any CPU.ActiveCfg = Release|Any CPU
		{6A08DB8A-8D00-7FB6-E8AA-86B37156586E}.Release|Any CPU.Build.0 = Release|Any CPU
	EndGlobalSection
	GlobalSection(SolutionProperties) = preSolution
		HideSolutionNode = FALSE
	EndGlobalSection
EndGlobal
